
Microsoft Visual Studio Solution File, Format Version 12.00
# Visual Studio Version 16
VisualStudioVersion = 16.0.31424.327
MinimumVisualStudioVersion = 10.0.40219.1
Project("{FAE04EC0-301F-11D3-BF4B-00C04F79EFBC}") = "BOT HornyGame", "BOT HornyGame.csproj", "{D0BCAB82-E350-4BB5-A72D-9CCCE21815AB}"
EndProject
Global
	GlobalSection(SolutionConfigurationPlatforms) = preSolution
		Debug|Any CPU = Debug|Any CPU
		Release|Any CPU = Release|Any CPU
	EndGlobalSection
	GlobalSection(ProjectConfigurationPlatforms) = postSolution
		{D0BCAB82-E350-4BB5-A72D-9CCCE21815AB}.Debug|Any CPU.ActiveCfg = Debug|Any CPU
		{D0BCAB82-E350-4BB5-A72D-9CCCE21815AB}.Debug|Any CPU.Build.0 = Debug|Any CPU
		{D0BCAB82-E350-4BB5-A72D-9CCCE21815AB}.Release|Any CPU.ActiveCfg = Release|Any CPU
		{D0BCAB82-E350-4BB5-A72D-9CCCE21815AB}.Release|Any CPU.Build.0 = Release|Any CPU
	EndGlobalSection
	GlobalSection(SolutionProperties) = preSolution
		HideSolutionNode = FALSE
	EndGlobalSection
	GlobalSection(ExtensibilityGlobals) = postSolution
		SolutionGuid = {FF4E1E34-0B72-4D77-B473-178F460A7B7F}
	EndGlobalSection
EndGlobal
